<?xml version="1.0" encoding="utf-8"?>
<Project ToolsVersion="4.0" xmlns="http://schemas.microsoft.com/developer/msbuild/2003">
  <ItemGroup>
    <Filter Include="Include Files">
      <UniqueIdentifier>{5298301A-C12D-4A4D-800E-B67F6D1996CE}</UniqueIdentifier>
    </Filter>
    <Filter Include="Include Files\include">
      <UniqueIdentifier>{722C7F42-1B5E-4D2E-9F25-90D4A20E564A}</UniqueIdentifier>
    </Filter>
    <Filter Include="Include Files\include\pantheios">
      <UniqueIdentifier>{B9E55206-806A-4D89-B2CF-AFEB1A5806BD}</UniqueIdentifier>
    </Filter>
    <Filter Include="Include Files\include\pantheios\frontends">
      <UniqueIdentifier>{81E1712C-E4EC-4C56-9DBA-91BB6972BC65}</UniqueIdentifier>
    </Filter>
    <Filter Include="Source Files">
      <UniqueIdentifier>{4FC737F1-C7A5-4376-A066-2A32D752A2FF}</UniqueIdentifier>
      <Extensions>asm;asmx;bat;cpp;c;cc;cxx;def;hpj;idl;odl;r</Extensions>
    </Filter>
    <Filter Include="Source Files\frontends">
      <UniqueIdentifier>{BC0CAF89-E24D-4906-9675-4890AB98EC93}</UniqueIdentifier>
    </Filter>
  </ItemGroup>
  <ItemGroup>
    <ClCompile Include="..\..\..\..\src\frontends\fe.fail.c">
      <Filter>Source Files\frontends</Filter>
    </ClCompile>
  </ItemGroup>
  <ItemGroup>
    <ClInclude Include="$(PANTHEIOS_ROOT)\include\pantheios\frontends\fe.fail.WithCallback.h">
      <Filter>Include Files\include\pantheios\frontends</Filter>
    </ClInclude>
    <ClInclude Include="$(PANTHEIOS_ROOT)\include\pantheios\frontend.h">
      <Filter>Include Files\include\pantheios</Filter>
    </ClInclude>
    <ClInclude Include="$(PANTHEIOS_ROOT)\include\pantheios\pantheios.h">
      <Filter>Include Files\include\pantheios</Filter>
    </ClInclude>
  </ItemGroup>
</Project>