<?xml version="1.0" encoding="utf-8"?>
<Project ToolsVersion="4.0" xmlns="http://schemas.microsoft.com/developer/msbuild/2003">
  <ItemGroup>
    <Filter Include="Include Files">
      <UniqueIdentifier>{5298301A-C12D-4A4D-800E-B67F6D1996CE}</UniqueIdentifier>
    </Filter>
    <Filter Include="Include Files\include">
      <UniqueIdentifier>{722C7F42-1B5E-4D2E-9F25-90D4A20E564A}</UniqueIdentifier>
    </Filter>
    <Filter Include="Include Files\include\pantheios">
      <UniqueIdentifier>{B9E55206-806A-4D89-B2CF-AFEB1A5806BD}</UniqueIdentifier>
    </Filter>
    <Filter Include="Include Files\include\pantheios\internal">
      <UniqueIdentifier>{953A851F-D822-4D5C-9557-5BF0E2E3C395}</UniqueIdentifier>
    </Filter>
    <Filter Include="Include Files\include\pantheios\quality">
      <UniqueIdentifier>{181BAA52-831B-4480-83BC-00CF45B4EC8D}</UniqueIdentifier>
    </Filter>
    <Filter Include="Include Files\include\pantheios\util">
      <UniqueIdentifier>{5AA295DA-FCB1-4E9F-9106-A2D6866BE7A0}</UniqueIdentifier>
    </Filter>
    <Filter Include="Include Files\include\pantheios\util\backends">
      <UniqueIdentifier>{29A7F8A2-9CD7-4F4A-880C-7F88C4885F81}</UniqueIdentifier>
    </Filter>
    <Filter Include="Include Files\include\pantheios\util\core">
      <UniqueIdentifier>{D6AB2CD0-AE3F-42D9-BC34-4A07B9249E2F}</UniqueIdentifier>
    </Filter>
    <Filter Include="Include Files\include\pantheios\util\system">
      <UniqueIdentifier>{DED7261D-D8CE-4C22-BF87-0BB900C3A735}</UniqueIdentifier>
    </Filter>
    <Filter Include="Include Files\include\pantheios\util\time">
      <UniqueIdentifier>{548CBCA9-0953-4E33-8172-AB65DD8D2658}</UniqueIdentifier>
    </Filter>
    <Filter Include="Source Files">
      <UniqueIdentifier>{4FC737F1-C7A5-4376-A066-2A32D752A2FF}</UniqueIdentifier>
      <Extensions>asm;asmx;bat;cpp;c;cc;cxx;def;hpj;idl;odl;r</Extensions>
    </Filter>
    <Filter Include="Source Files\util">
      <UniqueIdentifier>{03D8E14C-2C5B-492C-A098-689587A591D3}</UniqueIdentifier>
    </Filter>
  </ItemGroup>
  <ItemGroup>
    <ClCompile Include="..\..\..\src\util\bailout.c">
      <Filter>Source Files\util</Filter>
    </ClCompile>
    <ClCompile Include="..\..\..\src\util\be.context.cpp">
      <Filter>Source Files\util</Filter>
    </ClCompile>
    <ClCompile Include="..\..\..\src\util\be.parse.cpp">
      <Filter>Source Files\util</Filter>
    </ClCompile>
    <ClCompile Include="..\..\..\src\util\core.apidefs.cpp">
      <Filter>Source Files\util</Filter>
    </ClCompile>
    <ClCompile Include="..\..\..\src\util\date_elements_to_string.c">
      <Filter>Source Files\util</Filter>
    </ClCompile>
    <ClCompile Include="..\..\..\src\util\hostname.c">
      <Filter>Source Files\util</Filter>
    </ClCompile>
    <ClCompile Include="..\..\..\src\util\init_code_strings.c">
      <Filter>Source Files\util</Filter>
    </ClCompile>
    <ClCompile Include="..\..\..\src\util\processid.c">
      <Filter>Source Files\util</Filter>
    </ClCompile>
    <ClCompile Include="..\..\..\src\util\severity_strings.c">
      <Filter>Source Files\util</Filter>
    </ClCompile>
    <ClCompile Include="..\..\..\src\util\snprintf.c">
      <Filter>Source Files\util</Filter>
    </ClCompile>
    <ClCompile Include="..\..\..\src\util\strdup.c">
      <Filter>Source Files\util</Filter>
    </ClCompile>
    <ClCompile Include="..\..\..\src\util\strnlen.cpp">
      <Filter>Source Files\util</Filter>
    </ClCompile>
    <ClCompile Include="..\..\..\src\util\threadid.c">
      <Filter>Source Files\util</Filter>
    </ClCompile>
    <ClCompile Include="..\..\..\src\util\time.cpp">
      <Filter>Source Files\util</Filter>
    </ClCompile>
    <ClCompile Include="..\..\..\src\util\util.strnlen.c">
      <Filter>Source Files\util</Filter>
    </ClCompile>
  </ItemGroup>
  <ItemGroup>
    <ClInclude Include="$(PANTHEIOS_ROOT)\include\pantheios\util\core\apidefs.hpp">
      <Filter>Include Files\include\pantheios\util\core</Filter>
    </ClInclude>
    <ClInclude Include="$(PANTHEIOS_ROOT)\include\pantheios\util\backends\arguments.h">
      <Filter>Include Files\include\pantheios\util\backends</Filter>
    </ClInclude>
    <ClInclude Include="$(PANTHEIOS_ROOT)\include\pantheios\backend.h">
      <Filter>Include Files\include\pantheios</Filter>
    </ClInclude>
    <ClInclude Include="$(PANTHEIOS_ROOT)\include\pantheios\util\backends\context.hpp">
      <Filter>Include Files\include\pantheios\util\backends</Filter>
    </ClInclude>
    <ClInclude Include="$(PANTHEIOS_ROOT)\include\pantheios\quality\contract.h">
      <Filter>Include Files\include\pantheios\quality</Filter>
    </ClInclude>
    <ClInclude Include="$(PANTHEIOS_ROOT)\include\pantheios\util\time\currenttime.h">
      <Filter>Include Files\include\pantheios\util\time</Filter>
    </ClInclude>
    <ClInclude Include="$(PANTHEIOS_ROOT)\include\pantheios\frontend.h">
      <Filter>Include Files\include\pantheios</Filter>
    </ClInclude>
    <ClInclude Include="$(PANTHEIOS_ROOT)\include\pantheios\util\system\hostname.h">
      <Filter>Include Files\include\pantheios\util\system</Filter>
    </ClInclude>
    <ClInclude Include="$(PANTHEIOS_ROOT)\include\pantheios\init_codes.h">
      <Filter>Include Files\include\pantheios</Filter>
    </ClInclude>
    <ClInclude Include="$(PANTHEIOS_ROOT)\include\pantheios\internal\lean.h">
      <Filter>Include Files\include\pantheios\internal</Filter>
    </ClInclude>
    <ClInclude Include="$(PANTHEIOS_ROOT)\include\pantheios\internal\nox.h">
      <Filter>Include Files\include\pantheios\internal</Filter>
    </ClInclude>
    <ClInclude Include="$(PANTHEIOS_ROOT)\include\pantheios\pantheios.h">
      <Filter>Include Files\include\pantheios</Filter>
    </ClInclude>
    <ClInclude Include="$(PANTHEIOS_ROOT)\include\pantheios\util\system\processid.h">
      <Filter>Include Files\include\pantheios\util\</Filter>
    </ClInclude>
    <ClInclude Include="$(PANTHEIOS_ROOT)\include\pantheios\internal\safestr.h">
      <Filter>Include Files\include\pantheios\internal</Filter>
    </ClInclude>
    <ClInclude Include="$(PANTHEIOS_ROOT)\include\pantheios\util\string\snprintf.h">
      <Filter>Include Files\include\pantheios\util\</Filter>
    </ClInclude>
    <ClInclude Include="$(PANTHEIOS_ROOT)\include\pantheios\util\string\strdup.h">
      <Filter>Include Files\include\pantheios\util\</Filter>
    </ClInclude>
    <ClInclude Include="$(PANTHEIOS_ROOT)\include\pantheios\internal\string_encoding.h">
      <Filter>Include Files\include\pantheios\internal</Filter>
    </ClInclude>
    <ClInclude Include="$(PANTHEIOS_ROOT)\include\pantheios\util\system\threadid.h">
      <Filter>Include Files\include\pantheios\util\</Filter>
    </ClInclude>
    <ClInclude Include="$(PANTHEIOS_ROOT)\include\pantheios\internal\threading.h">
      <Filter>Include Files\include\pantheios\internal</Filter>
    </ClInclude>
    <ClInclude Include="$(PANTHEIOS_ROOT)\include\pantheios\util\severity\WindowsEventLog.h">
      <Filter>Include Files\include\pantheios\util\</Filter>
    </ClInclude>
    <ClInclude Include="$(PANTHEIOS_ROOT)\include\pantheios\internal\winlean.h">
      <Filter>Include Files\include\pantheios\internal</Filter>
    </ClInclude>
  </ItemGroup>
  <ItemGroup>
  </ItemGroup>
</Project>