<?xml version="1.0" encoding="utf-8"?>
<Project ToolsVersion="4.0" xmlns="http://schemas.microsoft.com/developer/msbuild/2003">
  <ItemGroup>
    <Filter Include="Source Files">
      <UniqueIdentifier>{0efc6d02-6715-49c8-aa74-b442c3acf5e4}</UniqueIdentifier>
      <Extensions>cpp;c;cxx;rc;def;r;odl;idl;hpj;bat</Extensions>
    </Filter>
    <Filter Include="Header Files">
      <UniqueIdentifier>{f56c5a0f-66e3-4264-9d6d-5042d1608325}</UniqueIdentifier>
      <Extensions>h;hpp;hxx;hm;inl</Extensions>
    </Filter>
    <Filter Include="Header Files\STLSoft Header Files">
      <UniqueIdentifier>{da3a5600-8c2b-4d54-a9e8-678da01c72fe}</UniqueIdentifier>
    </Filter>
    <Filter Include="Header Files\STLSoft Header Files\STLSoft">
      <UniqueIdentifier>{575bb41d-95ed-4ba7-96a1-d0cfa7183ee6}</UniqueIdentifier>
    </Filter>
    <Filter Include="Header Files\Pantheios Header Files">
      <UniqueIdentifier>{d521b73f-f9ed-4951-8489-0f3bf52dc228}</UniqueIdentifier>
    </Filter>
  </ItemGroup>
  <ItemGroup>
    <ClCompile Include="..\..\..\..\src\frontends\fe.N.c">
      <Filter>Source Files</Filter>
    </ClCompile>
  </ItemGroup>
  <ItemGroup>
    <ClInclude Include="$(STLSOFT)\include\stlsoft\internal\cccap\intel.h">
      <Filter>Header Files\STLSoft Header Files\STLSoft</Filter>
    </ClInclude>
    <ClInclude Include="$(STLSOFT)\include\stlsoft\internal\cccap\msvc.h">
      <Filter>Header Files\STLSoft Header Files\STLSoft</Filter>
    </ClInclude>
    <ClInclude Include="$(STLSOFT)\include\stlsoft\stlsoft.h">
      <Filter>Header Files\STLSoft Header Files\STLSoft</Filter>
    </ClInclude>
    <ClInclude Include="$(PANTHEIOS_ROOT)\include\pantheios\frontends\fe.N.h">
      <Filter>Header Files\Pantheios Header Files</Filter>
    </ClInclude>
    <ClInclude Include="$(PANTHEIOS_ROOT)\include\pantheios\frontend.h">
      <Filter>Header Files\Pantheios Header Files</Filter>
    </ClInclude>
    <ClInclude Include="$(PANTHEIOS_ROOT)\include\pantheios\internal\generated\log_functions.h">
      <Filter>Header Files\Pantheios Header Files</Filter>
    </ClInclude>
    <ClInclude Include="$(PANTHEIOS_ROOT)\include\pantheios\pantheios.h">
      <Filter>Header Files\Pantheios Header Files</Filter>
    </ClInclude>
  </ItemGroup>
</Project>